// !$*UTF8*$!
{
	archiveVersion = 1;
	classes = {
	};
	objectVersion = 55;
	objects = {

/* Begin PBXBuildFile section */
		5C0F75B0271A0558004473EA /* QuestionCardView.swift in Sources */ = {isa = PBXBuildFile; fileRef = 5C0F75AF271A0558004473EA /* QuestionCardView.swift */; };
		5C0F75B2271A07F1004473EA /* AnswersView.swift in Sources */ = {isa = PBXBuildFile; fileRef = 5C0F75B1271A07F1004473EA /* AnswersView.swift */; };
		5C0F75B4271A086A004473EA /* QuestionContentView.swift in Sources */ = {isa = PBXBuildFile; fileRef = 5C0F75B3271A086A004473EA /* QuestionContentView.swift */; };
		5C121919272ED02D00DB4826 /* RawRepresentable.swift in Sources */ = {isa = PBXBuildFile; fileRef = 5C121918272ED02D00DB4826 /* RawRepresentable.swift */; };
		5C121920272F2B6100DB4826 /* AnswerButton.swift in Sources */ = {isa = PBXBuildFile; fileRef = 5C12191F272F2B6100DB4826 /* AnswerButton.swift */; };
		5C1AAC5527996340002046DE /* Store.swift in Sources */ = {isa = PBXBuildFile; fileRef = 5C1AAC5427996340002046DE /* Store.swift */; };
		5C1AAC592799B9C2002046DE /* StoreView.swift in Sources */ = {isa = PBXBuildFile; fileRef = 5C1AAC582799B9C2002046DE /* StoreView.swift */; };
		5C1AAC5B2799B9E4002046DE /* SubscriptionsView.swift in Sources */ = {isa = PBXBuildFile; fileRef = 5C1AAC5A2799B9E4002046DE /* SubscriptionsView.swift */; };
		5C1AAC5D2799BA10002046DE /* ListCellView.swift in Sources */ = {isa = PBXBuildFile; fileRef = 5C1AAC5C2799BA10002046DE /* ListCellView.swift */; };
		5C1AAC5F2799BA24002046DE /* BuyButtonStyle.swift in Sources */ = {isa = PBXBuildFile; fileRef = 5C1AAC5E2799BA24002046DE /* BuyButtonStyle.swift */; };
		5C1AAC612799BB7B002046DE /* StatusInfoView.swift in Sources */ = {isa = PBXBuildFile; fileRef = 5C1AAC602799BB7B002046DE /* StatusInfoView.swift */; };
		5C1AAC652799C1B5002046DE /* Products.plist in Resources */ = {isa = PBXBuildFile; fileRef = 5C1AAC642799C1B5002046DE /* Products.plist */; };
		5C453E112714730A006BFFCB /* TrafficRulesExamApp.swift in Sources */ = {isa = PBXBuildFile; fileRef = 5C453E102714730A006BFFCB /* TrafficRulesExamApp.swift */; };
		5C453E132714730A006BFFCB /* CardsGalery.swift in Sources */ = {isa = PBXBuildFile; fileRef = 5C453E122714730A006BFFCB /* CardsGalery.swift */; };
		5C453E152714730D006BFFCB /* Assets.xcassets in Resources */ = {isa = PBXBuildFile; fileRef = 5C453E142714730D006BFFCB /* Assets.xcassets */; };
		5C453E182714730D006BFFCB /* Preview Assets.xcassets in Resources */ = {isa = PBXBuildFile; fileRef = 5C453E172714730D006BFFCB /* Preview Assets.xcassets */; };
		5C45EBBA2739964D00C90977 /* TotalStatsNavigationView.swift in Sources */ = {isa = PBXBuildFile; fileRef = 5C45EBB92739964D00C90977 /* TotalStatsNavigationView.swift */; };
		5C45EBBC2739968600C90977 /* ExamCardStatsView.swift in Sources */ = {isa = PBXBuildFile; fileRef = 5C45EBBB2739968600C90977 /* ExamCardStatsView.swift */; };
		5C45EBBE2739969600C90977 /* ExamStatsView.swift in Sources */ = {isa = PBXBuildFile; fileRef = 5C45EBBD2739969600C90977 /* ExamStatsView.swift */; };
		5C45EBC1273BF1FD00C90977 /* TotalStatsView.swift in Sources */ = {isa = PBXBuildFile; fileRef = 5C45EBC0273BF1FD00C90977 /* TotalStatsView.swift */; };
		5C45EBC3273C07A000C90977 /* Date+PrittyPrint.swift in Sources */ = {isa = PBXBuildFile; fileRef = 5C45EBC2273C07A000C90977 /* Date+PrittyPrint.swift */; };
		5C45EBC5273C4CF400C90977 /* MainScreen.swift in Sources */ = {isa = PBXBuildFile; fileRef = 5C45EBC4273C4CF200C90977 /* MainScreen.swift */; };
		5C45EBC7273C4FBB00C90977 /* UserDefaults.swift in Sources */ = {isa = PBXBuildFile; fileRef = 5C45EBC6273C4FBB00C90977 /* UserDefaults.swift */; };
		5C45EBC8273C52AF00C90977 /* UserDefaults.swift in Sources */ = {isa = PBXBuildFile; fileRef = 5C45EBC6273C4FBB00C90977 /* UserDefaults.swift */; };
		5C45EBC9273C52AF00C90977 /* UserDefaults.swift in Sources */ = {isa = PBXBuildFile; fileRef = 5C45EBC6273C4FBB00C90977 /* UserDefaults.swift */; };
		5C53ECFF2733F5700044905A /* CardResults.swift in Sources */ = {isa = PBXBuildFile; fileRef = 5C53ECFE2733F5700044905A /* CardResults.swift */; };
		5C53ED4227340BBE0044905A /* TrafficRulesExamTests.swift in Sources */ = {isa = PBXBuildFile; fileRef = 5C53ED4127340BBE0044905A /* TrafficRulesExamTests.swift */; };
		5C53ED4F27340BCE0044905A /* TrafficRulesExamUITests.swift in Sources */ = {isa = PBXBuildFile; fileRef = 5C53ED4E27340BCE0044905A /* TrafficRulesExamUITests.swift */; };
		5C53ED5127340BCE0044905A /* TrafficRulesExamUITestsLaunchTests.swift in Sources */ = {isa = PBXBuildFile; fileRef = 5C53ED5027340BCE0044905A /* TrafficRulesExamUITestsLaunchTests.swift */; };
		5C69D3BB2747CB2F00E66EAA /* SwiftKeychainWrapper in Frameworks */ = {isa = PBXBuildFile; productRef = 5C69D3BA2747CB2F00E66EAA /* SwiftKeychainWrapper */; };
		5C7A6218278EC05C00A630FA /* Purchases.swift in Sources */ = {isa = PBXBuildFile; fileRef = 5C7A6217278EC05C00A630FA /* Purchases.swift */; };
		5C81B8C9273ED59C00A7121E /* URLSession+async.swift in Sources */ = {isa = PBXBuildFile; fileRef = 5C81B8C8273ED59C00A7121E /* URLSession+async.swift */; };
		5C85387D27158DBB00D8853E /* YandexMobileMetrica in Frameworks */ = {isa = PBXBuildFile; productRef = 5C85387C27158DBB00D8853E /* YandexMobileMetrica */; };
		5C85387F27158DBB00D8853E /* YandexMobileMetricaCrashes in Frameworks */ = {isa = PBXBuildFile; productRef = 5C85387E27158DBB00D8853E /* YandexMobileMetricaCrashes */; };
		5C85388927182F3900D8853E /* ExamCards.json in Resources */ = {isa = PBXBuildFile; fileRef = 5C85388827182F3800D8853E /* ExamCards.json */; };
		5C85388B27183D5900D8853E /* ExamCard.swift in Sources */ = {isa = PBXBuildFile; fileRef = 5C85388A27183D5900D8853E /* ExamCard.swift */; };
		5C8A6C6C273849C800572459 /* Question.swift in Sources */ = {isa = PBXBuildFile; fileRef = 5CDB6373272DC30D00E888F7 /* Question.swift */; };
		5C8A6C6D273849C800572459 /* Answer.swift in Sources */ = {isa = PBXBuildFile; fileRef = 5CDB6375272DC36200E888F7 /* Answer.swift */; };
		5C8A6C6F273849EC00572459 /* ExamCard.swift in Sources */ = {isa = PBXBuildFile; fileRef = 5C85388A27183D5900D8853E /* ExamCard.swift */; };
		5C8A6C70273849FE00572459 /* RawRepresentable.swift in Sources */ = {isa = PBXBuildFile; fileRef = 5C121918272ED02D00DB4826 /* RawRepresentable.swift */; };
		5C8A6C71273849FE00572459 /* Results.swift in Sources */ = {isa = PBXBuildFile; fileRef = 5CDB6371272D946700E888F7 /* Results.swift */; };
		5C8A6C72273849FE00572459 /* CardResults.swift in Sources */ = {isa = PBXBuildFile; fileRef = 5C53ECFE2733F5700044905A /* CardResults.swift */; };
		5C8A6C7327384AA000572459 /* ExamCards.json in Resources */ = {isa = PBXBuildFile; fileRef = 5C85388827182F3800D8853E /* ExamCards.json */; };
		5C8A6C752738596400572459 /* UITestUtilityDataModel.swift in Sources */ = {isa = PBXBuildFile; fileRef = 5C8A6C742738596400572459 /* UITestUtilityDataModel.swift */; };
		5C900ED3278C7AFA004E9198 /* Purchase.swift in Sources */ = {isa = PBXBuildFile; fileRef = 5C900ED2278C7AF9004E9198 /* Purchase.swift */; };
		5C97B49327197B8A0017723A /* ModelLoad.swift in Sources */ = {isa = PBXBuildFile; fileRef = 5C97B49227197B8A0017723A /* ModelLoad.swift */; };
		5C97B49827197EEF0017723A /* CardView.swift in Sources */ = {isa = PBXBuildFile; fileRef = 5C97B49727197EEF0017723A /* CardView.swift */; };
		5CAD344F27902C2200D919DD /* CoinsTimer.swift in Sources */ = {isa = PBXBuildFile; fileRef = 5CAD344E27902C2200D919DD /* CoinsTimer.swift */; };
		5CD7A84A273411CD007E1F4F /* Nimble in Frameworks */ = {isa = PBXBuildFile; productRef = 5CD7A849273411CD007E1F4F /* Nimble */; };
		5CDB6372272D946700E888F7 /* Results.swift in Sources */ = {isa = PBXBuildFile; fileRef = 5CDB6371272D946700E888F7 /* Results.swift */; };
		5CDB6374272DC30E00E888F7 /* Question.swift in Sources */ = {isa = PBXBuildFile; fileRef = 5CDB6373272DC30D00E888F7 /* Question.swift */; };
		5CDB6376272DC36200E888F7 /* Answer.swift in Sources */ = {isa = PBXBuildFile; fileRef = 5CDB6375272DC36200E888F7 /* Answer.swift */; };
		5CDB637A272DD0AD00E888F7 /* CardItem.swift in Sources */ = {isa = PBXBuildFile; fileRef = 5CDB6379272DD0AD00E888F7 /* CardItem.swift */; };
		5CDE11D32720A7C700981225 /* CardRow.swift in Sources */ = {isa = PBXBuildFile; fileRef = 5CDE11D22720A7C700981225 /* CardRow.swift */; };
/* End PBXBuildFile section */

/* Begin PBXContainerItemProxy section */
		5C53ED4327340BBE0044905A /* PBXContainerItemProxy */ = {
			isa = PBXContainerItemProxy;
			containerPortal = 5C453E052714730A006BFFCB /* Project object */;
			proxyType = 1;
			remoteGlobalIDString = 5C453E0C2714730A006BFFCB;
			remoteInfo = TrafficRulesExam;
		};
		5C53ED5227340BCE0044905A /* PBXContainerItemProxy */ = {
			isa = PBXContainerItemProxy;
			containerPortal = 5C453E052714730A006BFFCB /* Project object */;
			proxyType = 1;
			remoteGlobalIDString = 5C453E0C2714730A006BFFCB;
			remoteInfo = TrafficRulesExam;
		};
/* End PBXContainerItemProxy section */

/* Begin PBXFileReference section */
		5C0F75AF271A0558004473EA /* QuestionCardView.swift */ = {isa = PBXFileReference; lastKnownFileType = sourcecode.swift; path = QuestionCardView.swift; sourceTree = "<group>"; };
		5C0F75B1271A07F1004473EA /* AnswersView.swift */ = {isa = PBXFileReference; lastKnownFileType = sourcecode.swift; path = AnswersView.swift; sourceTree = "<group>"; };
		5C0F75B3271A086A004473EA /* QuestionContentView.swift */ = {isa = PBXFileReference; lastKnownFileType = sourcecode.swift; path = QuestionContentView.swift; sourceTree = "<group>"; };
		5C121918272ED02D00DB4826 /* RawRepresentable.swift */ = {isa = PBXFileReference; lastKnownFileType = sourcecode.swift; path = RawRepresentable.swift; sourceTree = "<group>"; };
		5C12191F272F2B6100DB4826 /* AnswerButton.swift */ = {isa = PBXFileReference; lastKnownFileType = sourcecode.swift; path = AnswerButton.swift; sourceTree = "<group>"; };
		5C1AAC51279950DB002046DE /* Products.storekit */ = {isa = PBXFileReference; lastKnownFileType = file; name = Products.storekit; path = TrafficRulesExam/Products.storekit; sourceTree = SOURCE_ROOT; };
		5C1AAC5427996340002046DE /* Store.swift */ = {isa = PBXFileReference; lastKnownFileType = sourcecode.swift; path = Store.swift; sourceTree = "<group>"; };
		5C1AAC582799B9C2002046DE /* StoreView.swift */ = {isa = PBXFileReference; lastKnownFileType = sourcecode.swift; path = StoreView.swift; sourceTree = "<group>"; };
		5C1AAC5A2799B9E4002046DE /* SubscriptionsView.swift */ = {isa = PBXFileReference; lastKnownFileType = sourcecode.swift; path = SubscriptionsView.swift; sourceTree = "<group>"; };
		5C1AAC5C2799BA10002046DE /* ListCellView.swift */ = {isa = PBXFileReference; lastKnownFileType = sourcecode.swift; path = ListCellView.swift; sourceTree = "<group>"; };
		5C1AAC5E2799BA24002046DE /* BuyButtonStyle.swift */ = {isa = PBXFileReference; lastKnownFileType = sourcecode.swift; path = BuyButtonStyle.swift; sourceTree = "<group>"; };
		5C1AAC602799BB7B002046DE /* StatusInfoView.swift */ = {isa = PBXFileReference; lastKnownFileType = sourcecode.swift; path = StatusInfoView.swift; sourceTree = "<group>"; };
		5C1AAC642799C1B5002046DE /* Products.plist */ = {isa = PBXFileReference; fileEncoding = 4; lastKnownFileType = text.plist.xml; path = Products.plist; sourceTree = "<group>"; };
		5C453E0D2714730A006BFFCB /* TrafficRulesExam.app */ = {isa = PBXFileReference; explicitFileType = wrapper.application; includeInIndex = 0; path = TrafficRulesExam.app; sourceTree = BUILT_PRODUCTS_DIR; };
		5C453E102714730A006BFFCB /* TrafficRulesExamApp.swift */ = {isa = PBXFileReference; lastKnownFileType = sourcecode.swift; path = TrafficRulesExamApp.swift; sourceTree = "<group>"; };
		5C453E122714730A006BFFCB /* CardsGalery.swift */ = {isa = PBXFileReference; lastKnownFileType = sourcecode.swift; path = CardsGalery.swift; sourceTree = "<group>"; };
		5C453E142714730D006BFFCB /* Assets.xcassets */ = {isa = PBXFileReference; lastKnownFileType = folder.assetcatalog; path = Assets.xcassets; sourceTree = "<group>"; };
		5C453E172714730D006BFFCB /* Preview Assets.xcassets */ = {isa = PBXFileReference; lastKnownFileType = folder.assetcatalog; path = "Preview Assets.xcassets"; sourceTree = "<group>"; };
		5C45EBB92739964D00C90977 /* TotalStatsNavigationView.swift */ = {isa = PBXFileReference; lastKnownFileType = sourcecode.swift; path = TotalStatsNavigationView.swift; sourceTree = "<group>"; };
		5C45EBBB2739968600C90977 /* ExamCardStatsView.swift */ = {isa = PBXFileReference; lastKnownFileType = sourcecode.swift; path = ExamCardStatsView.swift; sourceTree = "<group>"; };
		5C45EBBD2739969600C90977 /* ExamStatsView.swift */ = {isa = PBXFileReference; lastKnownFileType = sourcecode.swift; path = ExamStatsView.swift; sourceTree = "<group>"; };
		5C45EBC0273BF1FD00C90977 /* TotalStatsView.swift */ = {isa = PBXFileReference; lastKnownFileType = sourcecode.swift; path = TotalStatsView.swift; sourceTree = "<group>"; };
		5C45EBC2273C07A000C90977 /* Date+PrittyPrint.swift */ = {isa = PBXFileReference; lastKnownFileType = sourcecode.swift; path = "Date+PrittyPrint.swift"; sourceTree = "<group>"; };
		5C45EBC4273C4CF200C90977 /* MainScreen.swift */ = {isa = PBXFileReference; lastKnownFileType = sourcecode.swift; path = MainScreen.swift; sourceTree = "<group>"; };
		5C45EBC6273C4FBB00C90977 /* UserDefaults.swift */ = {isa = PBXFileReference; lastKnownFileType = sourcecode.swift; path = UserDefaults.swift; sourceTree = "<group>"; };
		5C53ECF82732C54D0044905A /* MyPlayground.playground */ = {isa = PBXFileReference; lastKnownFileType = file.playground; path = MyPlayground.playground; sourceTree = "<group>"; xcLanguageSpecificationIdentifier = xcode.lang.swift; };
		5C53ECFE2733F5700044905A /* CardResults.swift */ = {isa = PBXFileReference; lastKnownFileType = sourcecode.swift; path = CardResults.swift; sourceTree = "<group>"; };
		5C53ED3F27340BBE0044905A /* TrafficRulesExamTests.xctest */ = {isa = PBXFileReference; explicitFileType = wrapper.cfbundle; includeInIndex = 0; path = TrafficRulesExamTests.xctest; sourceTree = BUILT_PRODUCTS_DIR; };
		5C53ED4127340BBE0044905A /* TrafficRulesExamTests.swift */ = {isa = PBXFileReference; lastKnownFileType = sourcecode.swift; path = TrafficRulesExamTests.swift; sourceTree = "<group>"; };
		5C53ED4C27340BCE0044905A /* TrafficRulesExamUITests.xctest */ = {isa = PBXFileReference; explicitFileType = wrapper.cfbundle; includeInIndex = 0; path = TrafficRulesExamUITests.xctest; sourceTree = BUILT_PRODUCTS_DIR; };
		5C53ED4E27340BCE0044905A /* TrafficRulesExamUITests.swift */ = {isa = PBXFileReference; lastKnownFileType = sourcecode.swift; path = TrafficRulesExamUITests.swift; sourceTree = "<group>"; };
		5C53ED5027340BCE0044905A /* TrafficRulesExamUITestsLaunchTests.swift */ = {isa = PBXFileReference; lastKnownFileType = sourcecode.swift; path = TrafficRulesExamUITestsLaunchTests.swift; sourceTree = "<group>"; };
		5C7A6217278EC05C00A630FA /* Purchases.swift */ = {isa = PBXFileReference; lastKnownFileType = sourcecode.swift; path = Purchases.swift; sourceTree = "<group>"; };
		5C81B8C8273ED59C00A7121E /* URLSession+async.swift */ = {isa = PBXFileReference; lastKnownFileType = sourcecode.swift; path = "URLSession+async.swift"; sourceTree = "<group>"; };
		5C85388827182F3800D8853E /* ExamCards.json */ = {isa = PBXFileReference; lastKnownFileType = text.json; path = ExamCards.json; sourceTree = "<group>"; };
		5C85388A27183D5900D8853E /* ExamCard.swift */ = {isa = PBXFileReference; lastKnownFileType = sourcecode.swift; path = ExamCard.swift; sourceTree = "<group>"; };
		5C8A6C742738596400572459 /* UITestUtilityDataModel.swift */ = {isa = PBXFileReference; lastKnownFileType = sourcecode.swift; path = UITestUtilityDataModel.swift; sourceTree = "<group>"; };
		5C900ED2278C7AF9004E9198 /* Purchase.swift */ = {isa = PBXFileReference; lastKnownFileType = sourcecode.swift; path = Purchase.swift; sourceTree = "<group>"; };
		5C97B49227197B8A0017723A /* ModelLoad.swift */ = {isa = PBXFileReference; lastKnownFileType = sourcecode.swift; path = ModelLoad.swift; sourceTree = "<group>"; };
		5C97B49727197EEF0017723A /* CardView.swift */ = {isa = PBXFileReference; lastKnownFileType = sourcecode.swift; path = CardView.swift; sourceTree = "<group>"; };
		5CAD344E27902C2200D919DD /* CoinsTimer.swift */ = {isa = PBXFileReference; lastKnownFileType = sourcecode.swift; path = CoinsTimer.swift; sourceTree = "<group>"; };
		5CDB6371272D946700E888F7 /* Results.swift */ = {isa = PBXFileReference; lastKnownFileType = sourcecode.swift; path = Results.swift; sourceTree = "<group>"; };
		5CDB6373272DC30D00E888F7 /* Question.swift */ = {isa = PBXFileReference; lastKnownFileType = sourcecode.swift; path = Question.swift; sourceTree = "<group>"; };
		5CDB6375272DC36200E888F7 /* Answer.swift */ = {isa = PBXFileReference; lastKnownFileType = sourcecode.swift; path = Answer.swift; sourceTree = "<group>"; };
		5CDB6379272DD0AD00E888F7 /* CardItem.swift */ = {isa = PBXFileReference; lastKnownFileType = sourcecode.swift; path = CardItem.swift; sourceTree = "<group>"; };
		5CDE11D22720A7C700981225 /* CardRow.swift */ = {isa = PBXFileReference; lastKnownFileType = sourcecode.swift; path = CardRow.swift; sourceTree = "<group>"; };
/* End PBXFileReference section */

/* Begin PBXFrameworksBuildPhase section */
		5C453E0A2714730A006BFFCB /* Frameworks */ = {
			isa = PBXFrameworksBuildPhase;
			buildActionMask = 2147483647;
			files = (
				5C85387D27158DBB00D8853E /* YandexMobileMetrica in Frameworks */,
				5C85387F27158DBB00D8853E /* YandexMobileMetricaCrashes in Frameworks */,
				5C69D3BB2747CB2F00E66EAA /* SwiftKeychainWrapper in Frameworks */,
			);
			runOnlyForDeploymentPostprocessing = 0;
		};
		5C53ED3C27340BBE0044905A /* Frameworks */ = {
			isa = PBXFrameworksBuildPhase;
			buildActionMask = 2147483647;
			files = (
			);
			runOnlyForDeploymentPostprocessing = 0;
		};
		5C53ED4927340BCE0044905A /* Frameworks */ = {
			isa = PBXFrameworksBuildPhase;
			buildActionMask = 2147483647;
			files = (
				5CD7A84A273411CD007E1F4F /* Nimble in Frameworks */,
			);
			runOnlyForDeploymentPostprocessing = 0;
		};
/* End PBXFrameworksBuildPhase section */

/* Begin PBXGroup section */
		5C12191A272ED61600DB4826 /* CardsGalery */ = {
			isa = PBXGroup;
			children = (
				5C453E122714730A006BFFCB /* CardsGalery.swift */,
				5CDE11D22720A7C700981225 /* CardRow.swift */,
				5CDB6379272DD0AD00E888F7 /* CardItem.swift */,
			);
			path = CardsGalery;
			sourceTree = "<group>";
		};
		5C1AAC572799B9A3002046DE /* Store */ = {
			isa = PBXGroup;
			children = (
				5C1AAC602799BB7B002046DE /* StatusInfoView.swift */,
				5C900ED2278C7AF9004E9198 /* Purchase.swift */,
				5C1AAC582799B9C2002046DE /* StoreView.swift */,
				5C1AAC5A2799B9E4002046DE /* SubscriptionsView.swift */,
				5C1AAC5C2799BA10002046DE /* ListCellView.swift */,
				5C1AAC5E2799BA24002046DE /* BuyButtonStyle.swift */,
			);
			path = Store;
			sourceTree = "<group>";
		};
		5C453E042714730A006BFFCB = {
			isa = PBXGroup;
			children = (
				5C453E0F2714730A006BFFCB /* TrafficRulesExam */,
				5C53ED4027340BBE0044905A /* TrafficRulesExamTests */,
				5C53ED4D27340BCE0044905A /* TrafficRulesExamUITests */,
				5C453E0E2714730A006BFFCB /* Products */,
			);
			sourceTree = "<group>";
		};
		5C453E0E2714730A006BFFCB /* Products */ = {
			isa = PBXGroup;
			children = (
				5C453E0D2714730A006BFFCB /* TrafficRulesExam.app */,
				5C53ED3F27340BBE0044905A /* TrafficRulesExamTests.xctest */,
				5C53ED4C27340BCE0044905A /* TrafficRulesExamUITests.xctest */,
			);
			name = Products;
			sourceTree = "<group>";
		};
		5C453E0F2714730A006BFFCB /* TrafficRulesExam */ = {
			isa = PBXGroup;
			children = (
				5C97B49627197E610017723A /* Views */,
				5C97B49427197BDC0017723A /* Model */,
				5C453E142714730D006BFFCB /* Assets.xcassets */,
				5C1AAC642799C1B5002046DE /* Products.plist */,
				5C1AAC51279950DB002046DE /* Products.storekit */,
				5C53ECF82732C54D0044905A /* MyPlayground.playground */,
				5C453E162714730D006BFFCB /* Preview Content */,
				5C97B49527197C2B0017723A /* Resources */,
			);
			path = TrafficRulesExam;
			sourceTree = "<group>";
		};
		5C453E162714730D006BFFCB /* Preview Content */ = {
			isa = PBXGroup;
			children = (
				5C453E172714730D006BFFCB /* Preview Assets.xcassets */,
			);
			path = "Preview Content";
			sourceTree = "<group>";
		};
		5C45EBBF273996A500C90977 /* Stats */ = {
			isa = PBXGroup;
			children = (
				5C45EBB92739964D00C90977 /* TotalStatsNavigationView.swift */,
				5C45EBC0273BF1FD00C90977 /* TotalStatsView.swift */,
				5C45EBBB2739968600C90977 /* ExamCardStatsView.swift */,
				5C45EBBD2739969600C90977 /* ExamStatsView.swift */,
			);
			path = Stats;
			sourceTree = "<group>";
		};
		5C53ED4027340BBE0044905A /* TrafficRulesExamTests */ = {
			isa = PBXGroup;
			children = (
				5C53ED4127340BBE0044905A /* TrafficRulesExamTests.swift */,
			);
			path = TrafficRulesExamTests;
			sourceTree = "<group>";
		};
		5C53ED4D27340BCE0044905A /* TrafficRulesExamUITests */ = {
			isa = PBXGroup;
			children = (
				5C53ED4E27340BCE0044905A /* TrafficRulesExamUITests.swift */,
				5C8A6C742738596400572459 /* UITestUtilityDataModel.swift */,
				5C53ED5027340BCE0044905A /* TrafficRulesExamUITestsLaunchTests.swift */,
			);
			path = TrafficRulesExamUITests;
			sourceTree = "<group>";
		};
		5C97B49427197BDC0017723A /* Model */ = {
			isa = PBXGroup;
			children = (
				5C85388A27183D5900D8853E /* ExamCard.swift */,
				5C7A6217278EC05C00A630FA /* Purchases.swift */,
				5CDB6375272DC36200E888F7 /* Answer.swift */,
				5CDB6373272DC30D00E888F7 /* Question.swift */,
				5C81B8C8273ED59C00A7121E /* URLSession+async.swift */,
				5C97B49227197B8A0017723A /* ModelLoad.swift */,
				5C45EBC2273C07A000C90977 /* Date+PrittyPrint.swift */,
				5CDB6371272D946700E888F7 /* Results.swift */,
				5C53ECFE2733F5700044905A /* CardResults.swift */,
				5C45EBC6273C4FBB00C90977 /* UserDefaults.swift */,
				5C121918272ED02D00DB4826 /* RawRepresentable.swift */,
				5CAD344E27902C2200D919DD /* CoinsTimer.swift */,
				5C1AAC5427996340002046DE /* Store.swift */,
			);
			path = Model;
			sourceTree = "<group>";
		};
		5C97B49527197C2B0017723A /* Resources */ = {
			isa = PBXGroup;
			children = (
				5C85388827182F3800D8853E /* ExamCards.json */,
			);
			path = Resources;
			sourceTree = "<group>";
		};
		5C97B49627197E610017723A /* Views */ = {
			isa = PBXGroup;
			children = (
				5C453E102714730A006BFFCB /* TrafficRulesExamApp.swift */,
				5C45EBC4273C4CF200C90977 /* MainScreen.swift */,
				5C12191A272ED61600DB4826 /* CardsGalery */,
				5CDE11D12720A79800981225 /* Exam */,
				5C45EBBF273996A500C90977 /* Stats */,
				5C1AAC572799B9A3002046DE /* Store */,
			);
			path = Views;
			sourceTree = "<group>";
		};
		5CDE11D12720A79800981225 /* Exam */ = {
			isa = PBXGroup;
			children = (
				5C97B49727197EEF0017723A /* CardView.swift */,
				5C0F75AF271A0558004473EA /* QuestionCardView.swift */,
				5C0F75B3271A086A004473EA /* QuestionContentView.swift */,
				5C0F75B1271A07F1004473EA /* AnswersView.swift */,
				5C12191F272F2B6100DB4826 /* AnswerButton.swift */,
			);
			path = Exam;
			sourceTree = "<group>";
		};
/* End PBXGroup section */

/* Begin PBXNativeTarget section */
		5C453E0C2714730A006BFFCB /* TrafficRulesExam */ = {
			isa = PBXNativeTarget;
			buildConfigurationList = 5C453E1B2714730D006BFFCB /* Build configuration list for PBXNativeTarget "TrafficRulesExam" */;
			buildPhases = (
				5C453E092714730A006BFFCB /* Sources */,
				5C453E0A2714730A006BFFCB /* Frameworks */,
				5C453E0B2714730A006BFFCB /* Resources */,
			);
			buildRules = (
			);
			dependencies = (
			);
			name = TrafficRulesExam;
			packageProductDependencies = (
				5C85387C27158DBB00D8853E /* YandexMobileMetrica */,
				5C85387E27158DBB00D8853E /* YandexMobileMetricaCrashes */,
				5C69D3BA2747CB2F00E66EAA /* SwiftKeychainWrapper */,
			);
			productName = TrafficRulesExam;
			productReference = 5C453E0D2714730A006BFFCB /* TrafficRulesExam.app */;
			productType = "com.apple.product-type.application";
		};
		5C53ED3E27340BBE0044905A /* TrafficRulesExamTests */ = {
			isa = PBXNativeTarget;
			buildConfigurationList = 5C53ED4527340BBE0044905A /* Build configuration list for PBXNativeTarget "TrafficRulesExamTests" */;
			buildPhases = (
				5C53ED3B27340BBE0044905A /* Sources */,
				5C53ED3C27340BBE0044905A /* Frameworks */,
				5C53ED3D27340BBE0044905A /* Resources */,
			);
			buildRules = (
			);
			dependencies = (
				5C53ED4427340BBE0044905A /* PBXTargetDependency */,
			);
			name = TrafficRulesExamTests;
			productName = TrafficRulesExamTests;
			productReference = 5C53ED3F27340BBE0044905A /* TrafficRulesExamTests.xctest */;
			productType = "com.apple.product-type.bundle.unit-test";
		};
		5C53ED4B27340BCE0044905A /* TrafficRulesExamUITests */ = {
			isa = PBXNativeTarget;
			buildConfigurationList = 5C53ED5427340BCE0044905A /* Build configuration list for PBXNativeTarget "TrafficRulesExamUITests" */;
			buildPhases = (
				5C53ED4827340BCE0044905A /* Sources */,
				5C53ED4927340BCE0044905A /* Frameworks */,
				5C53ED4A27340BCE0044905A /* Resources */,
			);
			buildRules = (
			);
			dependencies = (
				5C53ED5327340BCE0044905A /* PBXTargetDependency */,
			);
			name = TrafficRulesExamUITests;
			packageProductDependencies = (
				5CD7A849273411CD007E1F4F /* Nimble */,
			);
			productName = TrafficRulesExamUITests;
			productReference = 5C53ED4C27340BCE0044905A /* TrafficRulesExamUITests.xctest */;
			productType = "com.apple.product-type.bundle.ui-testing";
		};
/* End PBXNativeTarget section */

/* Begin PBXProject section */
		5C453E052714730A006BFFCB /* Project object */ = {
			isa = PBXProject;
			attributes = {
				BuildIndependentTargetsInParallel = 1;
				LastSwiftUpdateCheck = 1320;
				LastUpgradeCheck = 1300;
				TargetAttributes = {
					5C453E0C2714730A006BFFCB = {
						CreatedOnToolsVersion = 13.0;
					};
					5C53ED3E27340BBE0044905A = {
						CreatedOnToolsVersion = 13.2;
						TestTargetID = 5C453E0C2714730A006BFFCB;
					};
					5C53ED4B27340BCE0044905A = {
						CreatedOnToolsVersion = 13.2;
						TestTargetID = 5C453E0C2714730A006BFFCB;
					};
				};
			};
			buildConfigurationList = 5C453E082714730A006BFFCB /* Build configuration list for PBXProject "TrafficRulesExam" */;
			compatibilityVersion = "Xcode 13.0";
			developmentRegion = en;
			hasScannedForEncodings = 0;
			knownRegions = (
				en,
				Base,
			);
			mainGroup = 5C453E042714730A006BFFCB;
			packageReferences = (
				5C85387B27158DBB00D8853E /* XCRemoteSwiftPackageReference "metrica-sdk-ios" */,
				5CD7A848273411CD007E1F4F /* XCRemoteSwiftPackageReference "Nimble" */,
				5C69D3B92747CB2F00E66EAA /* XCRemoteSwiftPackageReference "SwiftKeychainWrapper" */,
			);
			productRefGroup = 5C453E0E2714730A006BFFCB /* Products */;
			projectDirPath = "";
			projectRoot = "";
			targets = (
				5C453E0C2714730A006BFFCB /* TrafficRulesExam */,
				5C53ED3E27340BBE0044905A /* TrafficRulesExamTests */,
				5C53ED4B27340BCE0044905A /* TrafficRulesExamUITests */,
			);
		};
/* End PBXProject section */

/* Begin PBXResourcesBuildPhase section */
		5C453E0B2714730A006BFFCB /* Resources */ = {
			isa = PBXResourcesBuildPhase;
			buildActionMask = 2147483647;
			files = (
				5C1AAC652799C1B5002046DE /* Products.plist in Resources */,
				5C85388927182F3900D8853E /* ExamCards.json in Resources */,
				5C453E182714730D006BFFCB /* Preview Assets.xcassets in Resources */,
				5C453E152714730D006BFFCB /* Assets.xcassets in Resources */,
			);
			runOnlyForDeploymentPostprocessing = 0;
		};
		5C53ED3D27340BBE0044905A /* Resources */ = {
			isa = PBXResourcesBuildPhase;
			buildActionMask = 2147483647;
			files = (
			);
			runOnlyForDeploymentPostprocessing = 0;
		};
		5C53ED4A27340BCE0044905A /* Resources */ = {
			isa = PBXResourcesBuildPhase;
			buildActionMask = 2147483647;
			files = (
				5C8A6C7327384AA000572459 /* ExamCards.json in Resources */,
			);
			runOnlyForDeploymentPostprocessing = 0;
		};
/* End PBXResourcesBuildPhase section */

/* Begin PBXSourcesBuildPhase section */
		5C453E092714730A006BFFCB /* Sources */ = {
			isa = PBXSourcesBuildPhase;
			buildActionMask = 2147483647;
			files = (
				5C121919272ED02D00DB4826 /* RawRepresentable.swift in Sources */,
				5C45EBBA2739964D00C90977 /* TotalStatsNavigationView.swift in Sources */,
				5C1AAC592799B9C2002046DE /* StoreView.swift in Sources */,
				5C1AAC5B2799B9E4002046DE /* SubscriptionsView.swift in Sources */,
				5C45EBC1273BF1FD00C90977 /* TotalStatsView.swift in Sources */,
				5C1AAC5D2799BA10002046DE /* ListCellView.swift in Sources */,
				5C0F75B2271A07F1004473EA /* AnswersView.swift in Sources */,
				5C453E132714730A006BFFCB /* CardsGalery.swift in Sources */,
				5C0F75B4271A086A004473EA /* QuestionContentView.swift in Sources */,
				5CDB637A272DD0AD00E888F7 /* CardItem.swift in Sources */,
				5C1AAC5527996340002046DE /* Store.swift in Sources */,
				5C121920272F2B6100DB4826 /* AnswerButton.swift in Sources */,
				5C1AAC5F2799BA24002046DE /* BuyButtonStyle.swift in Sources */,
				5C45EBC3273C07A000C90977 /* Date+PrittyPrint.swift in Sources */,
				5C81B8C9273ED59C00A7121E /* URLSession+async.swift in Sources */,
				5CDB6376272DC36200E888F7 /* Answer.swift in Sources */,
				5C97B49327197B8A0017723A /* ModelLoad.swift in Sources */,
				5C53ECFF2733F5700044905A /* CardResults.swift in Sources */,
				5C45EBBE2739969600C90977 /* ExamStatsView.swift in Sources */,
				5C85388B27183D5900D8853E /* ExamCard.swift in Sources */,
				5C45EBC7273C4FBB00C90977 /* UserDefaults.swift in Sources */,
				5C900ED3278C7AFA004E9198 /* Purchase.swift in Sources */,
				5C45EBC5273C4CF400C90977 /* MainScreen.swift in Sources */,
				5C453E112714730A006BFFCB /* TrafficRulesExamApp.swift in Sources */,
				5CDB6372272D946700E888F7 /* Results.swift in Sources */,
				5C1AAC612799BB7B002046DE /* StatusInfoView.swift in Sources */,
				5C97B49827197EEF0017723A /* CardView.swift in Sources */,
				5C45EBBC2739968600C90977 /* ExamCardStatsView.swift in Sources */,
				5CAD344F27902C2200D919DD /* CoinsTimer.swift in Sources */,
				5CDE11D32720A7C700981225 /* CardRow.swift in Sources */,
				5CDB6374272DC30E00E888F7 /* Question.swift in Sources */,
				5C7A6218278EC05C00A630FA /* Purchases.swift in Sources */,
				5C0F75B0271A0558004473EA /* QuestionCardView.swift in Sources */,
			);
			runOnlyForDeploymentPostprocessing = 0;
		};
		5C53ED3B27340BBE0044905A /* Sources */ = {
			isa = PBXSourcesBuildPhase;
			buildActionMask = 2147483647;
			files = (
				5C45EBC9273C52AF00C90977 /* UserDefaults.swift in Sources */,
				5C53ED4227340BBE0044905A /* TrafficRulesExamTests.swift in Sources */,
			);
			runOnlyForDeploymentPostprocessing = 0;
		};
		5C53ED4827340BCE0044905A /* Sources */ = {
			isa = PBXSourcesBuildPhase;
			buildActionMask = 2147483647;
			files = (
				5C8A6C6C273849C800572459 /* Question.swift in Sources */,
				5C8A6C6D273849C800572459 /* Answer.swift in Sources */,
				5C8A6C71273849FE00572459 /* Results.swift in Sources */,
				5C8A6C6F273849EC00572459 /* ExamCard.swift in Sources */,
				5C53ED4F27340BCE0044905A /* TrafficRulesExamUITests.swift in Sources */,
				5C8A6C752738596400572459 /* UITestUtilityDataModel.swift in Sources */,
				5C45EBC8273C52AF00C90977 /* UserDefaults.swift in Sources */,
				5C53ED5127340BCE0044905A /* TrafficRulesExamUITestsLaunchTests.swift in Sources */,
				5C8A6C72273849FE00572459 /* CardResults.swift in Sources */,
				5C8A6C70273849FE00572459 /* RawRepresentable.swift in Sources */,
			);
			runOnlyForDeploymentPostprocessing = 0;
		};
/* End PBXSourcesBuildPhase section */

/* Begin PBXTargetDependency section */
		5C53ED4427340BBE0044905A /* PBXTargetDependency */ = {
			isa = PBXTargetDependency;
			target = 5C453E0C2714730A006BFFCB /* TrafficRulesExam */;
			targetProxy = 5C53ED4327340BBE0044905A /* PBXContainerItemProxy */;
		};
		5C53ED5327340BCE0044905A /* PBXTargetDependency */ = {
			isa = PBXTargetDependency;
			target = 5C453E0C2714730A006BFFCB /* TrafficRulesExam */;
			targetProxy = 5C53ED5227340BCE0044905A /* PBXContainerItemProxy */;
		};
/* End PBXTargetDependency section */

/* Begin XCBuildConfiguration section */
		5C453E192714730D006BFFCB /* Debug */ = {
			isa = XCBuildConfiguration;
			buildSettings = {
				ALWAYS_SEARCH_USER_PATHS = NO;
				CLANG_ANALYZER_NONNULL = YES;
				CLANG_ANALYZER_NUMBER_OBJECT_CONVERSION = YES_AGGRESSIVE;
				CLANG_CXX_LANGUAGE_STANDARD = "gnu++17";
				CLANG_CXX_LIBRARY = "libc++";
				CLANG_ENABLE_MODULES = YES;
				CLANG_ENABLE_OBJC_ARC = YES;
				CLANG_ENABLE_OBJC_WEAK = YES;
				CLANG_WARN_BLOCK_CAPTURE_AUTORELEASING = YES;
				CLANG_WARN_BOOL_CONVERSION = YES;
				CLANG_WARN_COMMA = YES;
				CLANG_WARN_CONSTANT_CONVERSION = YES;
				CLANG_WARN_DEPRECATED_OBJC_IMPLEMENTATIONS = YES;
				CLANG_WARN_DIRECT_OBJC_ISA_USAGE = YES_ERROR;
				CLANG_WARN_DOCUMENTATION_COMMENTS = YES;
				CLANG_WARN_EMPTY_BODY = YES;
				CLANG_WARN_ENUM_CONVERSION = YES;
				CLANG_WARN_INFINITE_RECURSION = YES;
				CLANG_WARN_INT_CONVERSION = YES;
				CLANG_WARN_NON_LITERAL_NULL_CONVERSION = YES;
				CLANG_WARN_OBJC_IMPLICIT_RETAIN_SELF = YES;
				CLANG_WARN_OBJC_LITERAL_CONVERSION = YES;
				CLANG_WARN_OBJC_ROOT_CLASS = YES_ERROR;
				CLANG_WARN_QUOTED_INCLUDE_IN_FRAMEWORK_HEADER = YES;
				CLANG_WARN_RANGE_LOOP_ANALYSIS = YES;
				CLANG_WARN_STRICT_PROTOTYPES = YES;
				CLANG_WARN_SUSPICIOUS_MOVE = YES;
				CLANG_WARN_UNGUARDED_AVAILABILITY = YES_AGGRESSIVE;
				CLANG_WARN_UNREACHABLE_CODE = YES;
				CLANG_WARN__DUPLICATE_METHOD_MATCH = YES;
				COPY_PHASE_STRIP = NO;
				DEBUG_INFORMATION_FORMAT = dwarf;
				ENABLE_STRICT_OBJC_MSGSEND = YES;
				ENABLE_TESTABILITY = YES;
				GCC_C_LANGUAGE_STANDARD = gnu11;
				GCC_DYNAMIC_NO_PIC = NO;
				GCC_NO_COMMON_BLOCKS = YES;
				GCC_OPTIMIZATION_LEVEL = 0;
				GCC_PREPROCESSOR_DEFINITIONS = (
					"DEBUG=1",
					"$(inherited)",
				);
				GCC_WARN_64_TO_32_BIT_CONVERSION = YES;
				GCC_WARN_ABOUT_RETURN_TYPE = YES_ERROR;
				GCC_WARN_UNDECLARED_SELECTOR = YES;
				GCC_WARN_UNINITIALIZED_AUTOS = YES_AGGRESSIVE;
				GCC_WARN_UNUSED_FUNCTION = YES;
				GCC_WARN_UNUSED_VARIABLE = YES;
				IPHONEOS_DEPLOYMENT_TARGET = 14.5;
				MTL_ENABLE_DEBUG_INFO = INCLUDE_SOURCE;
				MTL_FAST_MATH = YES;
				ONLY_ACTIVE_ARCH = YES;
				SDKROOT = iphoneos;
				SWIFT_ACTIVE_COMPILATION_CONDITIONS = DEBUG;
				SWIFT_OPTIMIZATION_LEVEL = "-Onone";
			};
			name = Debug;
		};
		5C453E1A2714730D006BFFCB /* Release */ = {
			isa = XCBuildConfiguration;
			buildSettings = {
				ALWAYS_SEARCH_USER_PATHS = NO;
				CLANG_ANALYZER_NONNULL = YES;
				CLANG_ANALYZER_NUMBER_OBJECT_CONVERSION = YES_AGGRESSIVE;
				CLANG_CXX_LANGUAGE_STANDARD = "gnu++17";
				CLANG_CXX_LIBRARY = "libc++";
				CLANG_ENABLE_MODULES = YES;
				CLANG_ENABLE_OBJC_ARC = YES;
				CLANG_ENABLE_OBJC_WEAK = YES;
				CLANG_WARN_BLOCK_CAPTURE_AUTORELEASING = YES;
				CLANG_WARN_BOOL_CONVERSION = YES;
				CLANG_WARN_COMMA = YES;
				CLANG_WARN_CONSTANT_CONVERSION = YES;
				CLANG_WARN_DEPRECATED_OBJC_IMPLEMENTATIONS = YES;
				CLANG_WARN_DIRECT_OBJC_ISA_USAGE = YES_ERROR;
				CLANG_WARN_DOCUMENTATION_COMMENTS = YES;
				CLANG_WARN_EMPTY_BODY = YES;
				CLANG_WARN_ENUM_CONVERSION = YES;
				CLANG_WARN_INFINITE_RECURSION = YES;
				CLANG_WARN_INT_CONVERSION = YES;
				CLANG_WARN_NON_LITERAL_NULL_CONVERSION = YES;
				CLANG_WARN_OBJC_IMPLICIT_RETAIN_SELF = YES;
				CLANG_WARN_OBJC_LITERAL_CONVERSION = YES;
				CLANG_WARN_OBJC_ROOT_CLASS = YES_ERROR;
				CLANG_WARN_QUOTED_INCLUDE_IN_FRAMEWORK_HEADER = YES;
				CLANG_WARN_RANGE_LOOP_ANALYSIS = YES;
				CLANG_WARN_STRICT_PROTOTYPES = YES;
				CLANG_WARN_SUSPICIOUS_MOVE = YES;
				CLANG_WARN_UNGUARDED_AVAILABILITY = YES_AGGRESSIVE;
				CLANG_WARN_UNREACHABLE_CODE = YES;
				CLANG_WARN__DUPLICATE_METHOD_MATCH = YES;
				COPY_PHASE_STRIP = NO;
				DEBUG_INFORMATION_FORMAT = "dwarf-with-dsym";
				ENABLE_NS_ASSERTIONS = NO;
				ENABLE_STRICT_OBJC_MSGSEND = YES;
				GCC_C_LANGUAGE_STANDARD = gnu11;
				GCC_NO_COMMON_BLOCKS = YES;
				GCC_WARN_64_TO_32_BIT_CONVERSION = YES;
				GCC_WARN_ABOUT_RETURN_TYPE = YES_ERROR;
				GCC_WARN_UNDECLARED_SELECTOR = YES;
				GCC_WARN_UNINITIALIZED_AUTOS = YES_AGGRESSIVE;
				GCC_WARN_UNUSED_FUNCTION = YES;
				GCC_WARN_UNUSED_VARIABLE = YES;
				IPHONEOS_DEPLOYMENT_TARGET = 14.5;
				MTL_ENABLE_DEBUG_INFO = NO;
				MTL_FAST_MATH = YES;
				SDKROOT = iphoneos;
				SWIFT_COMPILATION_MODE = wholemodule;
				SWIFT_OPTIMIZATION_LEVEL = "-O";
				VALIDATE_PRODUCT = YES;
			};
			name = Release;
		};
		5C453E1C2714730D006BFFCB /* Debug */ = {
			isa = XCBuildConfiguration;
			buildSettings = {
				ASSETCATALOG_COMPILER_APPICON_NAME = AppIcon;
				ASSETCATALOG_COMPILER_GLOBAL_ACCENT_COLOR_NAME = AccentColor;
				CODE_SIGN_STYLE = Automatic;
				CURRENT_PROJECT_VERSION = 1;
				DEVELOPMENT_ASSET_PATHS = "\"TrafficRulesExam/Preview Content\"";
				DEVELOPMENT_TEAM = 5KNF7B55U4;
				ENABLE_PREVIEWS = YES;
				GENERATE_INFOPLIST_FILE = YES;
				INFOPLIST_KEY_UIApplicationSceneManifest_Generation = YES;
				INFOPLIST_KEY_UIApplicationSupportsIndirectInputEvents = YES;
				INFOPLIST_KEY_UILaunchScreen_Generation = YES;
				INFOPLIST_KEY_UISupportedInterfaceOrientations_iPad = "UIInterfaceOrientationPortrait UIInterfaceOrientationPortraitUpsideDown UIInterfaceOrientationLandscapeLeft UIInterfaceOrientationLandscapeRight";
				INFOPLIST_KEY_UISupportedInterfaceOrientations_iPhone = "UIInterfaceOrientationPortrait UIInterfaceOrientationLandscapeLeft UIInterfaceOrientationLandscapeRight";
				IPHONEOS_DEPLOYMENT_TARGET = 14.0;
				LD_RUNPATH_SEARCH_PATHS = (
					"$(inherited)",
					"@executable_path/Frameworks",
				);
				MARKETING_VERSION = 1.0;
				PRODUCT_BUNDLE_IDENTIFIER = ru.neantess.TrafficRulesExam;
				PRODUCT_NAME = "$(TARGET_NAME)";
				SWIFT_EMIT_LOC_STRINGS = YES;
				SWIFT_VERSION = 5.0;
				TARGETED_DEVICE_FAMILY = "1,2";
				TVOS_DEPLOYMENT_TARGET = 14.0;
			};
			name = Debug;
		};
		5C453E1D2714730D006BFFCB /* Release */ = {
			isa = XCBuildConfiguration;
			buildSettings = {
				ASSETCATALOG_COMPILER_APPICON_NAME = AppIcon;
				ASSETCATALOG_COMPILER_GLOBAL_ACCENT_COLOR_NAME = AccentColor;
				CODE_SIGN_STYLE = Automatic;
				CURRENT_PROJECT_VERSION = 1;
				DEVELOPMENT_ASSET_PATHS = "\"TrafficRulesExam/Preview Content\"";
				DEVELOPMENT_TEAM = 5KNF7B55U4;
				ENABLE_PREVIEWS = YES;
				GENERATE_INFOPLIST_FILE = YES;
				INFOPLIST_KEY_UIApplicationSceneManifest_Generation = YES;
				INFOPLIST_KEY_UIApplicationSupportsIndirectInputEvents = YES;
				INFOPLIST_KEY_UILaunchScreen_Generation = YES;
				INFOPLIST_KEY_UISupportedInterfaceOrientations_iPad = "UIInterfaceOrientationPortrait UIInterfaceOrientationPortraitUpsideDown UIInterfaceOrientationLandscapeLeft UIInterfaceOrientationLandscapeRight";
				INFOPLIST_KEY_UISupportedInterfaceOrientations_iPhone = "UIInterfaceOrientationPortrait UIInterfaceOrientationLandscapeLeft UIInterfaceOrientationLandscapeRight";
				IPHONEOS_DEPLOYMENT_TARGET = 14.0;
				LD_RUNPATH_SEARCH_PATHS = (
					"$(inherited)",
					"@executable_path/Frameworks",
				);
				MARKETING_VERSION = 1.0;
				PRODUCT_BUNDLE_IDENTIFIER = ru.neantess.TrafficRulesExam;
				PRODUCT_NAME = "$(TARGET_NAME)";
				SWIFT_EMIT_LOC_STRINGS = YES;
				SWIFT_VERSION = 5.0;
				TARGETED_DEVICE_FAMILY = "1,2";
				TVOS_DEPLOYMENT_TARGET = 14.0;
			};
			name = Release;
		};
		5C53ED4627340BBE0044905A /* Debug */ = {
			isa = XCBuildConfiguration;
			buildSettings = {
				BUNDLE_LOADER = "$(TEST_HOST)";
				CODE_SIGN_STYLE = Automatic;
				CURRENT_PROJECT_VERSION = 1;
				DEVELOPMENT_TEAM = 5KNF7B55U4;
				GENERATE_INFOPLIST_FILE = YES;
				IPHONEOS_DEPLOYMENT_TARGET = 14.5;
				MARKETING_VERSION = 1.0;
				PRODUCT_BUNDLE_IDENTIFIER = ru.neantess.TrafficRulesExamTests;
				PRODUCT_NAME = "$(TARGET_NAME)";
				SWIFT_EMIT_LOC_STRINGS = NO;
				SWIFT_VERSION = 5.0;
				TARGETED_DEVICE_FAMILY = "1,2";
				TEST_HOST = "$(BUILT_PRODUCTS_DIR)/TrafficRulesExam.app/TrafficRulesExam";
			};
			name = Debug;
		};
		5C53ED4727340BBE0044905A /* Release */ = {
			isa = XCBuildConfiguration;
			buildSettings = {
				BUNDLE_LOADER = "$(TEST_HOST)";
				CODE_SIGN_STYLE = Automatic;
				CURRENT_PROJECT_VERSION = 1;
				DEVELOPMENT_TEAM = 5KNF7B55U4;
				GENERATE_INFOPLIST_FILE = YES;
				IPHONEOS_DEPLOYMENT_TARGET = 14.5;
				MARKETING_VERSION = 1.0;
				PRODUCT_BUNDLE_IDENTIFIER = ru.neantess.TrafficRulesExamTests;
				PRODUCT_NAME = "$(TARGET_NAME)";
				SWIFT_EMIT_LOC_STRINGS = NO;
				SWIFT_VERSION = 5.0;
				TARGETED_DEVICE_FAMILY = "1,2";
				TEST_HOST = "$(BUILT_PRODUCTS_DIR)/TrafficRulesExam.app/TrafficRulesExam";
			};
			name = Release;
		};
		5C53ED5527340BCE0044905A /* Debug */ = {
			isa = XCBuildConfiguration;
			buildSettings = {
				CODE_SIGN_STYLE = Automatic;
				CURRENT_PROJECT_VERSION = 1;
				DEVELOPMENT_TEAM = 5KNF7B55U4;
				GENERATE_INFOPLIST_FILE = YES;
				IPHONEOS_DEPLOYMENT_TARGET = 14.5;
				MARKETING_VERSION = 1.0;
				PRODUCT_BUNDLE_IDENTIFIER = ru.neantess.TrafficRulesExamUITests;
				PRODUCT_NAME = "$(TARGET_NAME)";
				SWIFT_EMIT_LOC_STRINGS = NO;
				SWIFT_VERSION = 5.0;
				TARGETED_DEVICE_FAMILY = "1,2";
				TEST_TARGET_NAME = TrafficRulesExam;
				TVOS_DEPLOYMENT_TARGET = 14.5;
			};
			name = Debug;
		};
		5C53ED5627340BCE0044905A /* Release */ = {
			isa = XCBuildConfiguration;
			buildSettings = {
				CODE_SIGN_STYLE = Automatic;
				CURRENT_PROJECT_VERSION = 1;
				DEVELOPMENT_TEAM = 5KNF7B55U4;
				GENERATE_INFOPLIST_FILE = YES;
				IPHONEOS_DEPLOYMENT_TARGET = 14.5;
				MARKETING_VERSION = 1.0;
				PRODUCT_BUNDLE_IDENTIFIER = ru.neantess.TrafficRulesExamUITests;
				PRODUCT_NAME = "$(TARGET_NAME)";
				SWIFT_EMIT_LOC_STRINGS = NO;
				SWIFT_VERSION = 5.0;
				TARGETED_DEVICE_FAMILY = "1,2";
				TEST_TARGET_NAME = TrafficRulesExam;
				TVOS_DEPLOYMENT_TARGET = 14.5;
			};
			name = Release;
		};
/* End XCBuildConfiguration section */

/* Begin XCConfigurationList section */
		5C453E082714730A006BFFCB /* Build configuration list for PBXProject "TrafficRulesExam" */ = {
			isa = XCConfigurationList;
			buildConfigurations = (
				5C453E192714730D006BFFCB /* Debug */,
				5C453E1A2714730D006BFFCB /* Release */,
			);
			defaultConfigurationIsVisible = 0;
			defaultConfigurationName = Release;
		};
		5C453E1B2714730D006BFFCB /* Build configuration list for PBXNativeTarget "TrafficRulesExam" */ = {
			isa = XCConfigurationList;
			buildConfigurations = (
				5C453E1C2714730D006BFFCB /* Debug */,
				5C453E1D2714730D006BFFCB /* Release */,
			);
			defaultConfigurationIsVisible = 0;
			defaultConfigurationName = Release;
		};
		5C53ED4527340BBE0044905A /* Build configuration list for PBXNativeTarget "TrafficRulesExamTests" */ = {
			isa = XCConfigurationList;
			buildConfigurations = (
				5C53ED4627340BBE0044905A /* Debug */,
				5C53ED4727340BBE0044905A /* Release */,
			);
			defaultConfigurationIsVisible = 0;
			defaultConfigurationName = Release;
		};
		5C53ED5427340BCE0044905A /* Build configuration list for PBXNativeTarget "TrafficRulesExamUITests" */ = {
			isa = XCConfigurationList;
			buildConfigurations = (
				5C53ED5527340BCE0044905A /* Debug */,
				5C53ED5627340BCE0044905A /* Release */,
			);
			defaultConfigurationIsVisible = 0;
			defaultConfigurationName = Release;
		};
/* End XCConfigurationList section */

/* Begin XCRemoteSwiftPackageReference section */
		5C69D3B92747CB2F00E66EAA /* XCRemoteSwiftPackageReference "SwiftKeychainWrapper" */ = {
			isa = XCRemoteSwiftPackageReference;
			repositoryURL = "https://github.com/jrendel/SwiftKeychainWrapper";
			requirement = {
				kind = upToNextMajorVersion;
				minimumVersion = 4.0.0;
			};
		};
		5C85387B27158DBB00D8853E /* XCRemoteSwiftPackageReference "metrica-sdk-ios" */ = {
			isa = XCRemoteSwiftPackageReference;
			repositoryURL = "https://github.com/yandexmobile/metrica-sdk-ios";
			requirement = {
				kind = upToNextMajorVersion;
				minimumVersion = 4.0.0;
			};
		};
		5CD7A848273411CD007E1F4F /* XCRemoteSwiftPackageReference "Nimble" */ = {
			isa = XCRemoteSwiftPackageReference;
			repositoryURL = "https://github.com/Quick/Nimble";
			requirement = {
				branch = main;
				kind = branch;
			};
		};
/* End XCRemoteSwiftPackageReference section */

/* Begin XCSwiftPackageProductDependency section */
		5C69D3BA2747CB2F00E66EAA /* SwiftKeychainWrapper */ = {
			isa = XCSwiftPackageProductDependency;
			package = 5C69D3B92747CB2F00E66EAA /* XCRemoteSwiftPackageReference "SwiftKeychainWrapper" */;
			productName = SwiftKeychainWrapper;
		};
		5C85387C27158DBB00D8853E /* YandexMobileMetrica */ = {
			isa = XCSwiftPackageProductDependency;
			package = 5C85387B27158DBB00D8853E /* XCRemoteSwiftPackageReference "metrica-sdk-ios" */;
			productName = YandexMobileMetrica;
		};
		5C85387E27158DBB00D8853E /* YandexMobileMetricaCrashes */ = {
			isa = XCSwiftPackageProductDependency;
			package = 5C85387B27158DBB00D8853E /* XCRemoteSwiftPackageReference "metrica-sdk-ios" */;
			productName = YandexMobileMetricaCrashes;
		};
		5CD7A849273411CD007E1F4F /* Nimble */ = {
			isa = XCSwiftPackageProductDependency;
			package = 5CD7A848273411CD007E1F4F /* XCRemoteSwiftPackageReference "Nimble" */;
			productName = Nimble;
		};
/* End XCSwiftPackageProductDependency section */
	};
	rootObject = 5C453E052714730A006BFFCB /* Project object */;
}
