{
  "object": {
    "pins": [
      {
        "package": "Lottie",
        "repositoryURL": "https://github.com/airbnb/lottie-ios.git",
        "state": {
          "branch": null,
          "revision": "79a0b70547f7c40ea54c67487f935fa2f2eaaadc",
          "version": "3.2.3"
        }
      },
      {
        "package": "YandexMobileMetrica",
        "repositoryURL": "https://github.com/yandexmobile/metrica-sdk-ios",
        "state": {
          "branch": null,
          "revision": "8be51a74e2f4449e2f3d4e69824c5feba2787584",
          "version": "4.0.0"
        }
      }
    ]
  },
  "version": 1
}
